// !$*UTF8*$!
{
	archiveVersion = 1;
	classes = {
	};
	objectVersion = 56;
	objects = {

/* Begin PBXBuildFile section */
		F1B006782BE86F74008753F4 /* exampleApp.swift in Sources */ = {isa = PBXBuildFile; fileRef = F1B006772BE86F74008753F4 /* exampleApp.swift */; };
		F1B0067A2BE86F74008753F4 /* ContentView.swift in Sources */ = {isa = PBXBuildFile; fileRef = F1B006792BE86F74008753F4 /* ContentView.swift */; };
		F1B0067C2BE86F77008753F4 /* Assets.xcassets in Resources */ = {isa = PBXBuildFile; fileRef = F1B0067B2BE86F77008753F4 /* Assets.xcassets */; };
		F1B0067F2BE86F77008753F4 /* Preview Assets.xcassets in Resources */ = {isa = PBXBuildFile; fileRef = F1B0067E2BE86F77008753F4 /* Preview Assets.xcassets */; };
		F1B006892BE86F77008753F4 /* exampleTests.swift in Sources */ = {isa = PBXBuildFile; fileRef = F1B006882BE86F77008753F4 /* exampleTests.swift */; };
		F1B006932BE86F77008753F4 /* exampleUITests.swift in Sources */ = {isa = PBXBuildFile; fileRef = F1B006922BE86F77008753F4 /* exampleUITests.swift */; };
		F1B006952BE86F77008753F4 /* exampleUITestsLaunchTests.swift in Sources */ = {isa = PBXBuildFile; fileRef = F1B006942BE86F77008753F4 /* exampleUITestsLaunchTests.swift */; };
/* End PBXBuildFile section */

/* Begin PBXContainerItemProxy section */
		F1B006852BE86F77008753F4 /* PBXContainerItemProxy */ = {
			isa = PBXContainerItemProxy;
			containerPortal = F1B0066C2BE86F74008753F4 /* Project object */;
			proxyType = 1;
			remoteGlobalIDString = F1B006732BE86F74008753F4;
			remoteInfo = example;
		};
		F1B0068F2BE86F77008753F4 /* PBXContainerItemProxy */ = {
			isa = PBXContainerItemProxy;
			containerPortal = F1B0066C2BE86F74008753F4 /* Project object */;
			proxyType = 1;
			remoteGlobalIDString = F1B006732BE86F74008753F4;
			remoteInfo = example;
		};
/* End PBXContainerItemProxy section */

/* Begin PBXFileReference section */
		F193AEC52BEC71F400BA63B8 /* Diccionarios.playground */ = {isa = PBXFileReference; lastKnownFileType = file.playground; path = Diccionarios.playground; sourceTree = "<group>"; xcLanguageSpecificationIdentifier = xcode.lang.swift; };
		F193AEC62BEC745200BA63B8 /* Tuplas.playground */ = {isa = PBXFileReference; lastKnownFileType = file.playground; path = Tuplas.playground; sourceTree = "<group>"; xcLanguageSpecificationIdentifier = xcode.lang.swift; };
		F193AEC72BEC777F00BA63B8 /* Enumeraciones.playground */ = {isa = PBXFileReference; lastKnownFileType = file.playground; path = Enumeraciones.playground; sourceTree = "<group>"; xcLanguageSpecificationIdentifier = xcode.lang.swift; };
		F1B006742BE86F74008753F4 /* example.app */ = {isa = PBXFileReference; explicitFileType = wrapper.application; includeInIndex = 0; path = example.app; sourceTree = BUILT_PRODUCTS_DIR; };
		F1B006772BE86F74008753F4 /* exampleApp.swift */ = {isa = PBXFileReference; lastKnownFileType = sourcecode.swift; path = exampleApp.swift; sourceTree = "<group>"; };
		F1B006792BE86F74008753F4 /* ContentView.swift */ = {isa = PBXFileReference; lastKnownFileType = sourcecode.swift; path = ContentView.swift; sourceTree = "<group>"; };
		F1B0067B2BE86F77008753F4 /* Assets.xcassets */ = {isa = PBXFileReference; lastKnownFileType = folder.assetcatalog; path = Assets.xcassets; sourceTree = "<group>"; };
		F1B0067E2BE86F77008753F4 /* Preview Assets.xcassets */ = {isa = PBXFileReference; lastKnownFileType = folder.assetcatalog; path = "Preview Assets.xcassets"; sourceTree = "<group>"; };
		F1B006842BE86F77008753F4 /* exampleTests.xctest */ = {isa = PBXFileReference; explicitFileType = wrapper.cfbundle; includeInIndex = 0; path = exampleTests.xctest; sourceTree = BUILT_PRODUCTS_DIR; };
		F1B006882BE86F77008753F4 /* exampleTests.swift */ = {isa = PBXFileReference; lastKnownFileType = sourcecode.swift; path = exampleTests.swift; sourceTree = "<group>"; };
		F1B0068E2BE86F77008753F4 /* exampleUITests.xctest */ = {isa = PBXFileReference; explicitFileType = wrapper.cfbundle; includeInIndex = 0; path = exampleUITests.xctest; sourceTree = BUILT_PRODUCTS_DIR; };
		F1B006922BE86F77008753F4 /* exampleUITests.swift */ = {isa = PBXFileReference; lastKnownFileType = sourcecode.swift; path = exampleUITests.swift; sourceTree = "<group>"; };
		F1B006942BE86F77008753F4 /* exampleUITestsLaunchTests.swift */ = {isa = PBXFileReference; lastKnownFileType = sourcecode.swift; path = exampleUITestsLaunchTests.swift; sourceTree = "<group>"; };
		F1B006A12BE86F94008753F4 /* MyPlayground.playground */ = {isa = PBXFileReference; lastKnownFileType = file.playground; path = MyPlayground.playground; sourceTree = "<group>"; xcLanguageSpecificationIdentifier = xcode.lang.swift; };
/* End PBXFileReference section */

/* Begin PBXFrameworksBuildPhase section */
		F1B006712BE86F74008753F4 /* Frameworks */ = {
			isa = PBXFrameworksBuildPhase;
			buildActionMask = 2147483647;
			files = (
			);
			runOnlyForDeploymentPostprocessing = 0;
		};
		F1B006812BE86F77008753F4 /* Frameworks */ = {
			isa = PBXFrameworksBuildPhase;
			buildActionMask = 2147483647;
			files = (
			);
			runOnlyForDeploymentPostprocessing = 0;
		};
		F1B0068B2BE86F77008753F4 /* Frameworks */ = {
			isa = PBXFrameworksBuildPhase;
			buildActionMask = 2147483647;
			files = (
			);
			runOnlyForDeploymentPostprocessing = 0;
		};
/* End PBXFrameworksBuildPhase section */

/* Begin PBXGroup section */
		F1B0066B2BE86F74008753F4 = {
			isa = PBXGroup;
			children = (
				F1B006762BE86F74008753F4 /* example */,
				F1B006872BE86F77008753F4 /* exampleTests */,
				F1B006912BE86F77008753F4 /* exampleUITests */,
				F1B006752BE86F74008753F4 /* Products */,
			);
			sourceTree = "<group>";
		};
		F1B006752BE86F74008753F4 /* Products */ = {
			isa = PBXGroup;
			children = (
				F1B006742BE86F74008753F4 /* example.app */,
				F1B006842BE86F77008753F4 /* exampleTests.xctest */,
				F1B0068E2BE86F77008753F4 /* exampleUITests.xctest */,
			);
			name = Products;
			sourceTree = "<group>";
		};
		F1B006762BE86F74008753F4 /* example */ = {
			isa = PBXGroup;
			children = (
				F1B006772BE86F74008753F4 /* exampleApp.swift */,
				F193AEC72BEC777F00BA63B8 /* Enumeraciones.playground */,
				F193AEC52BEC71F400BA63B8 /* Diccionarios.playground */,
				F1B006792BE86F74008753F4 /* ContentView.swift */,
				F193AEC62BEC745200BA63B8 /* Tuplas.playground */,
				F1B006A12BE86F94008753F4 /* MyPlayground.playground */,
				F1B0067B2BE86F77008753F4 /* Assets.xcassets */,
				F1B0067D2BE86F77008753F4 /* Preview Content */,
			);
			path = example;
			sourceTree = "<group>";
		};
		F1B0067D2BE86F77008753F4 /* Preview Content */ = {
			isa = PBXGroup;
			children = (
				F1B0067E2BE86F77008753F4 /* Preview Assets.xcassets */,
			);
			path = "Preview Content";
			sourceTree = "<group>";
		};
		F1B006872BE86F77008753F4 /* exampleTests */ = {
			isa = PBXGroup;
			children = (
				F1B006882BE86F77008753F4 /* exampleTests.swift */,
			);
			path = exampleTests;
			sourceTree = "<group>";
		};
		F1B006912BE86F77008753F4 /* exampleUITests */ = {
			isa = PBXGroup;
			children = (
				F1B006922BE86F77008753F4 /* exampleUITests.swift */,
				F1B006942BE86F77008753F4 /* exampleUITestsLaunchTests.swift */,
			);
			path = exampleUITests;
			sourceTree = "<group>";
		};
/* End PBXGroup section */

/* Begin PBXNativeTarget section */
		F1B006732BE86F74008753F4 /* example */ = {
			isa = PBXNativeTarget;
			buildConfigurationList = F1B006982BE86F77008753F4 /* Build configuration list for PBXNativeTarget "example" */;
			buildPhases = (
				F1B006702BE86F74008753F4 /* Sources */,
				F1B006712BE86F74008753F4 /* Frameworks */,
				F1B006722BE86F74008753F4 /* Resources */,
			);
			buildRules = (
			);
			dependencies = (
			);
			name = example;
			productName = example;
			productReference = F1B006742BE86F74008753F4 /* example.app */;
			productType = "com.apple.product-type.application";
		};
		F1B006832BE86F77008753F4 /* exampleTests */ = {
			isa = PBXNativeTarget;
			buildConfigurationList = F1B0069B2BE86F77008753F4 /* Build configuration list for PBXNativeTarget "exampleTests" */;
			buildPhases = (
				F1B006802BE86F77008753F4 /* Sources */,
				F1B006812BE86F77008753F4 /* Frameworks */,
				F1B006822BE86F77008753F4 /* Resources */,
			);
			buildRules = (
			);
			dependencies = (
				F1B006862BE86F77008753F4 /* PBXTargetDependency */,
			);
			name = exampleTests;
			productName = exampleTests;
			productReference = F1B006842BE86F77008753F4 /* exampleTests.xctest */;
			productType = "com.apple.product-type.bundle.unit-test";
		};
		F1B0068D2BE86F77008753F4 /* exampleUITests */ = {
			isa = PBXNativeTarget;
			buildConfigurationList = F1B0069E2BE86F77008753F4 /* Build configuration list for PBXNativeTarget "exampleUITests" */;
			buildPhases = (
				F1B0068A2BE86F77008753F4 /* Sources */,
				F1B0068B2BE86F77008753F4 /* Frameworks */,
				F1B0068C2BE86F77008753F4 /* Resources */,
			);
			buildRules = (
			);
			dependencies = (
				F1B006902BE86F77008753F4 /* PBXTargetDependency */,
			);
			name = exampleUITests;
			productName = exampleUITests;
			productReference = F1B0068E2BE86F77008753F4 /* exampleUITests.xctest */;
			productType = "com.apple.product-type.bundle.ui-testing";
		};
/* End PBXNativeTarget section */

/* Begin PBXProject section */
		F1B0066C2BE86F74008753F4 /* Project object */ = {
			isa = PBXProject;
			attributes = {
				BuildIndependentTargetsInParallel = 1;
				LastSwiftUpdateCheck = 1530;
				LastUpgradeCheck = 1530;
				TargetAttributes = {
					F1B006732BE86F74008753F4 = {
						CreatedOnToolsVersion = 15.3;
					};
					F1B006832BE86F77008753F4 = {
						CreatedOnToolsVersion = 15.3;
						TestTargetID = F1B006732BE86F74008753F4;
					};
					F1B0068D2BE86F77008753F4 = {
						CreatedOnToolsVersion = 15.3;
						TestTargetID = F1B006732BE86F74008753F4;
					};
				};
			};
			buildConfigurationList = F1B0066F2BE86F74008753F4 /* Build configuration list for PBXProject "example" */;
			compatibilityVersion = "Xcode 14.0";
			developmentRegion = en;
			hasScannedForEncodings = 0;
			knownRegions = (
				en,
				Base,
			);
			mainGroup = F1B0066B2BE86F74008753F4;
			productRefGroup = F1B006752BE86F74008753F4 /* Products */;
			projectDirPath = "";
			projectRoot = "";
			targets = (
				F1B006732BE86F74008753F4 /* example */,
				F1B006832BE86F77008753F4 /* exampleTests */,
				F1B0068D2BE86F77008753F4 /* exampleUITests */,
			);
		};
/* End PBXProject section */

/* Begin PBXResourcesBuildPhase section */
		F1B006722BE86F74008753F4 /* Resources */ = {
			isa = PBXResourcesBuildPhase;
			buildActionMask = 2147483647;
			files = (
				F1B0067F2BE86F77008753F4 /* Preview Assets.xcassets in Resources */,
				F1B0067C2BE86F77008753F4 /* Assets.xcassets in Resources */,
			);
			runOnlyForDeploymentPostprocessing = 0;
		};
		F1B006822BE86F77008753F4 /* Resources */ = {
			isa = PBXResourcesBuildPhase;
			buildActionMask = 2147483647;
			files = (
			);
			runOnlyForDeploymentPostprocessing = 0;
		};
		F1B0068C2BE86F77008753F4 /* Resources */ = {
			isa = PBXResourcesBuildPhase;
			buildActionMask = 2147483647;
			files = (
			);
			runOnlyForDeploymentPostprocessing = 0;
		};
/* End PBXResourcesBuildPhase section */

/* Begin PBXSourcesBuildPhase section */
		F1B006702BE86F74008753F4 /* Sources */ = {
			isa = PBXSourcesBuildPhase;
			buildActionMask = 2147483647;
			files = (
				F1B0067A2BE86F74008753F4 /* ContentView.swift in Sources */,
				F1B006782BE86F74008753F4 /* exampleApp.swift in Sources */,
			);
			runOnlyForDeploymentPostprocessing = 0;
		};
		F1B006802BE86F77008753F4 /* Sources */ = {
			isa = PBXSourcesBuildPhase;
			buildActionMask = 2147483647;
			files = (
				F1B006892BE86F77008753F4 /* exampleTests.swift in Sources */,
			);
			runOnlyForDeploymentPostprocessing = 0;
		};
		F1B0068A2BE86F77008753F4 /* Sources */ = {
			isa = PBXSourcesBuildPhase;
			buildActionMask = 2147483647;
			files = (
				F1B006932BE86F77008753F4 /* exampleUITests.swift in Sources */,
				F1B006952BE86F77008753F4 /* exampleUITestsLaunchTests.swift in Sources */,
			);
			runOnlyForDeploymentPostprocessing = 0;
		};
/* End PBXSourcesBuildPhase section */

/* Begin PBXTargetDependency section */
		F1B006862BE86F77008753F4 /* PBXTargetDependency */ = {
			isa = PBXTargetDependency;
			target = F1B006732BE86F74008753F4 /* example */;
			targetProxy = F1B006852BE86F77008753F4 /* PBXContainerItemProxy */;
		};
		F1B006902BE86F77008753F4 /* PBXTargetDependency */ = {
			isa = PBXTargetDependency;
			target = F1B006732BE86F74008753F4 /* example */;
			targetProxy = F1B0068F2BE86F77008753F4 /* PBXContainerItemProxy */;
		};
/* End PBXTargetDependency section */

/* Begin XCBuildConfiguration section */
		F1B006962BE86F77008753F4 /* Debug */ = {
			isa = XCBuildConfiguration;
			buildSettings = {
				ALWAYS_SEARCH_USER_PATHS = NO;
				ASSETCATALOG_COMPILER_GENERATE_SWIFT_ASSET_SYMBOL_EXTENSIONS = YES;
				CLANG_ANALYZER_NONNULL = YES;
				CLANG_ANALYZER_NUMBER_OBJECT_CONVERSION = YES_AGGRESSIVE;
				CLANG_CXX_LANGUAGE_STANDARD = "gnu++20";
				CLANG_ENABLE_MODULES = YES;
				CLANG_ENABLE_OBJC_ARC = YES;
				CLANG_ENABLE_OBJC_WEAK = YES;
				CLANG_WARN_BLOCK_CAPTURE_AUTORELEASING = YES;
				CLANG_WARN_BOOL_CONVERSION = YES;
				CLANG_WARN_COMMA = YES;
				CLANG_WARN_CONSTANT_CONVERSION = YES;
				CLANG_WARN_DEPRECATED_OBJC_IMPLEMENTATIONS = YES;
				CLANG_WARN_DIRECT_OBJC_ISA_USAGE = YES_ERROR;
				CLANG_WARN_DOCUMENTATION_COMMENTS = YES;
				CLANG_WARN_EMPTY_BODY = YES;
				CLANG_WARN_ENUM_CONVERSION = YES;
				CLANG_WARN_INFINITE_RECURSION = YES;
				CLANG_WARN_INT_CONVERSION = YES;
				CLANG_WARN_NON_LITERAL_NULL_CONVERSION = YES;
				CLANG_WARN_OBJC_IMPLICIT_RETAIN_SELF = YES;
				CLANG_WARN_OBJC_LITERAL_CONVERSION = YES;
				CLANG_WARN_OBJC_ROOT_CLASS = YES_ERROR;
				CLANG_WARN_QUOTED_INCLUDE_IN_FRAMEWORK_HEADER = YES;
				CLANG_WARN_RANGE_LOOP_ANALYSIS = YES;
				CLANG_WARN_STRICT_PROTOTYPES = YES;
				CLANG_WARN_SUSPICIOUS_MOVE = YES;
				CLANG_WARN_UNGUARDED_AVAILABILITY = YES_AGGRESSIVE;
				CLANG_WARN_UNREACHABLE_CODE = YES;
				CLANG_WARN__DUPLICATE_METHOD_MATCH = YES;
				COPY_PHASE_STRIP = NO;
				DEBUG_INFORMATION_FORMAT = dwarf;
				ENABLE_STRICT_OBJC_MSGSEND = YES;
				ENABLE_TESTABILITY = YES;
				ENABLE_USER_SCRIPT_SANDBOXING = YES;
				GCC_C_LANGUAGE_STANDARD = gnu17;
				GCC_DYNAMIC_NO_PIC = NO;
				GCC_NO_COMMON_BLOCKS = YES;
				GCC_OPTIMIZATION_LEVEL = 0;
				GCC_PREPROCESSOR_DEFINITIONS = (
					"DEBUG=1",
					"$(inherited)",
				);
				GCC_WARN_64_TO_32_BIT_CONVERSION = YES;
				GCC_WARN_ABOUT_RETURN_TYPE = YES_ERROR;
				GCC_WARN_UNDECLARED_SELECTOR = YES;
				GCC_WARN_UNINITIALIZED_AUTOS = YES_AGGRESSIVE;
				GCC_WARN_UNUSED_FUNCTION = YES;
				GCC_WARN_UNUSED_VARIABLE = YES;
				IPHONEOS_DEPLOYMENT_TARGET = 17.4;
				LOCALIZATION_PREFERS_STRING_CATALOGS = YES;
				MTL_ENABLE_DEBUG_INFO = INCLUDE_SOURCE;
				MTL_FAST_MATH = YES;
				ONLY_ACTIVE_ARCH = YES;
				SDKROOT = iphoneos;
				SWIFT_ACTIVE_COMPILATION_CONDITIONS = "DEBUG $(inherited)";
				SWIFT_OPTIMIZATION_LEVEL = "-Onone";
			};
			name = Debug;
		};
		F1B006972BE86F77008753F4 /* Release */ = {
			isa = XCBuildConfiguration;
			buildSettings = {
				ALWAYS_SEARCH_USER_PATHS = NO;
				ASSETCATALOG_COMPILER_GENERATE_SWIFT_ASSET_SYMBOL_EXTENSIONS = YES;
				CLANG_ANALYZER_NONNULL = YES;
				CLANG_ANALYZER_NUMBER_OBJECT_CONVERSION = YES_AGGRESSIVE;
				CLANG_CXX_LANGUAGE_STANDARD = "gnu++20";
				CLANG_ENABLE_MODULES = YES;
				CLANG_ENABLE_OBJC_ARC = YES;
				CLANG_ENABLE_OBJC_WEAK = YES;
				CLANG_WARN_BLOCK_CAPTURE_AUTORELEASING = YES;
				CLANG_WARN_BOOL_CONVERSION = YES;
				CLANG_WARN_COMMA = YES;
				CLANG_WARN_CONSTANT_CONVERSION = YES;
				CLANG_WARN_DEPRECATED_OBJC_IMPLEMENTATIONS = YES;
				CLANG_WARN_DIRECT_OBJC_ISA_USAGE = YES_ERROR;
				CLANG_WARN_DOCUMENTATION_COMMENTS = YES;
				CLANG_WARN_EMPTY_BODY = YES;
				CLANG_WARN_ENUM_CONVERSION = YES;
				CLANG_WARN_INFINITE_RECURSION = YES;
				CLANG_WARN_INT_CONVERSION = YES;
				CLANG_WARN_NON_LITERAL_NULL_CONVERSION = YES;
				CLANG_WARN_OBJC_IMPLICIT_RETAIN_SELF = YES;
				CLANG_WARN_OBJC_LITERAL_CONVERSION = YES;
				CLANG_WARN_OBJC_ROOT_CLASS = YES_ERROR;
				CLANG_WARN_QUOTED_INCLUDE_IN_FRAMEWORK_HEADER = YES;
				CLANG_WARN_RANGE_LOOP_ANALYSIS = YES;
				CLANG_WARN_STRICT_PROTOTYPES = YES;
				CLANG_WARN_SUSPICIOUS_MOVE = YES;
				CLANG_WARN_UNGUARDED_AVAILABILITY = YES_AGGRESSIVE;
				CLANG_WARN_UNREACHABLE_CODE = YES;
				CLANG_WARN__DUPLICATE_METHOD_MATCH = YES;
				COPY_PHASE_STRIP = NO;
				DEBUG_INFORMATION_FORMAT = "dwarf-with-dsym";
				ENABLE_NS_ASSERTIONS = NO;
				ENABLE_STRICT_OBJC_MSGSEND = YES;
				ENABLE_USER_SCRIPT_SANDBOXING = YES;
				GCC_C_LANGUAGE_STANDARD = gnu17;
				GCC_NO_COMMON_BLOCKS = YES;
				GCC_WARN_64_TO_32_BIT_CONVERSION = YES;
				GCC_WARN_ABOUT_RETURN_TYPE = YES_ERROR;
				GCC_WARN_UNDECLARED_SELECTOR = YES;
				GCC_WARN_UNINITIALIZED_AUTOS = YES_AGGRESSIVE;
				GCC_WARN_UNUSED_FUNCTION = YES;
				GCC_WARN_UNUSED_VARIABLE = YES;
				IPHONEOS_DEPLOYMENT_TARGET = 17.4;
				LOCALIZATION_PREFERS_STRING_CATALOGS = YES;
				MTL_ENABLE_DEBUG_INFO = NO;
				MTL_FAST_MATH = YES;
				SDKROOT = iphoneos;
				SWIFT_COMPILATION_MODE = wholemodule;
				VALIDATE_PRODUCT = YES;
			};
			name = Release;
		};
		F1B006992BE86F77008753F4 /* Debug */ = {
			isa = XCBuildConfiguration;
			buildSettings = {
				ASSETCATALOG_COMPILER_APPICON_NAME = AppIcon;
				ASSETCATALOG_COMPILER_GLOBAL_ACCENT_COLOR_NAME = AccentColor;
				CODE_SIGN_STYLE = Automatic;
				CURRENT_PROJECT_VERSION = 1;
				DEVELOPMENT_ASSET_PATHS = "\"example/Preview Content\"";
				ENABLE_PREVIEWS = YES;
				GENERATE_INFOPLIST_FILE = YES;
				INFOPLIST_KEY_UIApplicationSceneManifest_Generation = YES;
				INFOPLIST_KEY_UIApplicationSupportsIndirectInputEvents = YES;
				INFOPLIST_KEY_UILaunchScreen_Generation = YES;
				INFOPLIST_KEY_UISupportedInterfaceOrientations_iPad = "UIInterfaceOrientationPortrait UIInterfaceOrientationPortraitUpsideDown UIInterfaceOrientationLandscapeLeft UIInterfaceOrientationLandscapeRight";
				INFOPLIST_KEY_UISupportedInterfaceOrientations_iPhone = "UIInterfaceOrientationPortrait UIInterfaceOrientationLandscapeLeft UIInterfaceOrientationLandscapeRight";
				LD_RUNPATH_SEARCH_PATHS = (
					"$(inherited)",
					"@executable_path/Frameworks",
				);
				MARKETING_VERSION = 1.0;
				PRODUCT_BUNDLE_IDENTIFIER = donnachie.example;
				PRODUCT_NAME = "$(TARGET_NAME)";
				SWIFT_EMIT_LOC_STRINGS = YES;
				SWIFT_VERSION = 5.0;
				TARGETED_DEVICE_FAMILY = "1,2";
			};
			name = Debug;
		};
		F1B0069A2BE86F77008753F4 /* Release */ = {
			isa = XCBuildConfiguration;
			buildSettings = {
				ASSETCATALOG_COMPILER_APPICON_NAME = AppIcon;
				ASSETCATALOG_COMPILER_GLOBAL_ACCENT_COLOR_NAME = AccentColor;
				CODE_SIGN_STYLE = Automatic;
				CURRENT_PROJECT_VERSION = 1;
				DEVELOPMENT_ASSET_PATHS = "\"example/Preview Content\"";
				ENABLE_PREVIEWS = YES;
				GENERATE_INFOPLIST_FILE = YES;
				INFOPLIST_KEY_UIApplicationSceneManifest_Generation = YES;
				INFOPLIST_KEY_UIApplicationSupportsIndirectInputEvents = YES;
				INFOPLIST_KEY_UILaunchScreen_Generation = YES;
				INFOPLIST_KEY_UISupportedInterfaceOrientations_iPad = "UIInterfaceOrientationPortrait UIInterfaceOrientationPortraitUpsideDown UIInterfaceOrientationLandscapeLeft UIInterfaceOrientationLandscapeRight";
				INFOPLIST_KEY_UISupportedInterfaceOrientations_iPhone = "UIInterfaceOrientationPortrait UIInterfaceOrientationLandscapeLeft UIInterfaceOrientationLandscapeRight";
				LD_RUNPATH_SEARCH_PATHS = (
					"$(inherited)",
					"@executable_path/Frameworks",
				);
				MARKETING_VERSION = 1.0;
				PRODUCT_BUNDLE_IDENTIFIER = donnachie.example;
				PRODUCT_NAME = "$(TARGET_NAME)";
				SWIFT_EMIT_LOC_STRINGS = YES;
				SWIFT_VERSION = 5.0;
				TARGETED_DEVICE_FAMILY = "1,2";
			};
			name = Release;
		};
		F1B0069C2BE86F77008753F4 /* Debug */ = {
			isa = XCBuildConfiguration;
			buildSettings = {
				ALWAYS_EMBED_SWIFT_STANDARD_LIBRARIES = YES;
				BUNDLE_LOADER = "$(TEST_HOST)";
				CODE_SIGN_STYLE = Automatic;
				CURRENT_PROJECT_VERSION = 1;
				GENERATE_INFOPLIST_FILE = YES;
				IPHONEOS_DEPLOYMENT_TARGET = 17.4;
				MARKETING_VERSION = 1.0;
				PRODUCT_BUNDLE_IDENTIFIER = donnachie.exampleTests;
				PRODUCT_NAME = "$(TARGET_NAME)";
				SWIFT_EMIT_LOC_STRINGS = NO;
				SWIFT_VERSION = 5.0;
				TARGETED_DEVICE_FAMILY = "1,2";
				TEST_HOST = "$(BUILT_PRODUCTS_DIR)/example.app/$(BUNDLE_EXECUTABLE_FOLDER_PATH)/example";
			};
			name = Debug;
		};
		F1B0069D2BE86F77008753F4 /* Release */ = {
			isa = XCBuildConfiguration;
			buildSettings = {
				ALWAYS_EMBED_SWIFT_STANDARD_LIBRARIES = YES;
				BUNDLE_LOADER = "$(TEST_HOST)";
				CODE_SIGN_STYLE = Automatic;
				CURRENT_PROJECT_VERSION = 1;
				GENERATE_INFOPLIST_FILE = YES;
				IPHONEOS_DEPLOYMENT_TARGET = 17.4;
				MARKETING_VERSION = 1.0;
				PRODUCT_BUNDLE_IDENTIFIER = donnachie.exampleTests;
				PRODUCT_NAME = "$(TARGET_NAME)";
				SWIFT_EMIT_LOC_STRINGS = NO;
				SWIFT_VERSION = 5.0;
				TARGETED_DEVICE_FAMILY = "1,2";
				TEST_HOST = "$(BUILT_PRODUCTS_DIR)/example.app/$(BUNDLE_EXECUTABLE_FOLDER_PATH)/example";
			};
			name = Release;
		};
		F1B0069F2BE86F77008753F4 /* Debug */ = {
			isa = XCBuildConfiguration;
			buildSettings = {
				ALWAYS_EMBED_SWIFT_STANDARD_LIBRARIES = YES;
				CODE_SIGN_STYLE = Automatic;
				CURRENT_PROJECT_VERSION = 1;
				GENERATE_INFOPLIST_FILE = YES;
				MARKETING_VERSION = 1.0;
				PRODUCT_BUNDLE_IDENTIFIER = donnachie.exampleUITests;
				PRODUCT_NAME = "$(TARGET_NAME)";
				SWIFT_EMIT_LOC_STRINGS = NO;
				SWIFT_VERSION = 5.0;
				TARGETED_DEVICE_FAMILY = "1,2";
				TEST_TARGET_NAME = example;
			};
			name = Debug;
		};
		F1B006A02BE86F77008753F4 /* Release */ = {
			isa = XCBuildConfiguration;
			buildSettings = {
				ALWAYS_EMBED_SWIFT_STANDARD_LIBRARIES = YES;
				CODE_SIGN_STYLE = Automatic;
				CURRENT_PROJECT_VERSION = 1;
				GENERATE_INFOPLIST_FILE = YES;
				MARKETING_VERSION = 1.0;
				PRODUCT_BUNDLE_IDENTIFIER = donnachie.exampleUITests;
				PRODUCT_NAME = "$(TARGET_NAME)";
				SWIFT_EMIT_LOC_STRINGS = NO;
				SWIFT_VERSION = 5.0;
				TARGETED_DEVICE_FAMILY = "1,2";
				TEST_TARGET_NAME = example;
			};
			name = Release;
		};
/* End XCBuildConfiguration section */

/* Begin XCConfigurationList section */
		F1B0066F2BE86F74008753F4 /* Build configuration list for PBXProject "example" */ = {
			isa = XCConfigurationList;
			buildConfigurations = (
				F1B006962BE86F77008753F4 /* Debug */,
				F1B006972BE86F77008753F4 /* Release */,
			);
			defaultConfigurationIsVisible = 0;
			defaultConfigurationName = Release;
		};
		F1B006982BE86F77008753F4 /* Build configuration list for PBXNativeTarget "example" */ = {
			isa = XCConfigurationList;
			buildConfigurations = (
				F1B006992BE86F77008753F4 /* Debug */,
				F1B0069A2BE86F77008753F4 /* Release */,
			);
			defaultConfigurationIsVisible = 0;
			defaultConfigurationName = Release;
		};
		F1B0069B2BE86F77008753F4 /* Build configuration list for PBXNativeTarget "exampleTests" */ = {
			isa = XCConfigurationList;
			buildConfigurations = (
				F1B0069C2BE86F77008753F4 /* Debug */,
				F1B0069D2BE86F77008753F4 /* Release */,
			);
			defaultConfigurationIsVisible = 0;
			defaultConfigurationName = Release;
		};
		F1B0069E2BE86F77008753F4 /* Build configuration list for PBXNativeTarget "exampleUITests" */ = {
			isa = XCConfigurationList;
			buildConfigurations = (
				F1B0069F2BE86F77008753F4 /* Debug */,
				F1B006A02BE86F77008753F4 /* Release */,
			);
			defaultConfigurationIsVisible = 0;
			defaultConfigurationName = Release;
		};
/* End XCConfigurationList section */
	};
	rootObject = F1B0066C2BE86F74008753F4 /* Project object */;
}
